
Microsoft Visual Studio Solution File, Format Version 12.00
# Visual Studio Version 17
VisualStudioVersion = 17.6.33829.357
MinimumVisualStudioVersion = 10.0.40219.1
Project("{9A19103F-16F7-4668-BE54-9A1E7A4F7556}") = "MKExpress.Web.API", "MKExpress.Web.API.csproj", "{0F551111-3076-47F3-B55C-8927793049E4}"
EndProject
Global
	GlobalSection(SolutionConfigurationPlatforms) = preSolution
		Debug|Any CPU = Debug|Any CPU
		Release|Any CPU = Release|Any CPU
	EndGlobalSection
	GlobalSection(ProjectConfigurationPlatforms) = postSolution
		{0F551111-3076-47F3-B55C-8927793049E4}.Debug|Any CPU.ActiveCfg = Debug|Any CPU
		{0F551111-3076-47F3-B55C-8927793049E4}.Debug|Any CPU.Build.0 = Debug|Any CPU
		{0F551111-3076-47F3-B55C-8927793049E4}.Release|Any CPU.ActiveCfg = Release|Any CPU
		{0F551111-3076-47F3-B55C-8927793049E4}.Release|Any CPU.Build.0 = Release|Any CPU
	EndGlobalSection
	GlobalSection(SolutionProperties) = preSolution
		HideSolutionNode = FALSE
	EndGlobalSection
	GlobalSection(ExtensibilityGlobals) = postSolution
		SolutionGuid = {0CD294A6-D492-4AF1-8257-D8388C04A71E}
	EndGlobalSection
EndGlobal
