
Microsoft Visual Studio Solution File, Format Version 12.00
# Visual Studio Version 17
VisualStudioVersion = 17.5.33530.505
MinimumVisualStudioVersion = 10.0.40219.1
Project("{9A19103F-16F7-4668-BE54-9A1E7A4F7556}") = "MKExpress.API", "MKExpress.API\MKExpress.API.csproj", "{CE257F03-467D-4BE0-9423-D1E19C5C543F}"
EndProject
Global
	GlobalSection(SolutionConfigurationPlatforms) = preSolution
		Debug|Any CPU = Debug|Any CPU
		Release|Any CPU = Release|Any CPU
	EndGlobalSection
	GlobalSection(ProjectConfigurationPlatforms) = postSolution
		{CE257F03-467D-4BE0-9423-D1E19C5C543F}.Debug|Any CPU.ActiveCfg = Debug|Any CPU
		{CE257F03-467D-4BE0-9423-D1E19C5C543F}.Debug|Any CPU.Build.0 = Debug|Any CPU
		{CE257F03-467D-4BE0-9423-D1E19C5C543F}.Release|Any CPU.ActiveCfg = Release|Any CPU
		{CE257F03-467D-4BE0-9423-D1E19C5C543F}.Release|Any CPU.Build.0 = Release|Any CPU
	EndGlobalSection
	GlobalSection(SolutionProperties) = preSolution
		HideSolutionNode = FALSE
	EndGlobalSection
	GlobalSection(ExtensibilityGlobals) = postSolution
		SolutionGuid = {2D0CE365-D031-4C8D-8557-3E563A10FA8A}
	EndGlobalSection
EndGlobal
